// !$*UTF8*$!
{
	archiveVersion = 1;
	classes = {
	};
	objectVersion = 48;
	objects = {

/* Begin PBXBuildFile section */
		961A021620326B7500B801B9 /* AppDelegate.swift in Sources */ = {isa = PBXBuildFile; fileRef = 961A021520326B7500B801B9 /* AppDelegate.swift */; };
		961A021820326B7500B801B9 /* ViewController.swift in Sources */ = {isa = PBXBuildFile; fileRef = 961A021720326B7500B801B9 /* ViewController.swift */; };
		961A021B20326B7500B801B9 /* Main.storyboard in Resources */ = {isa = PBXBuildFile; fileRef = 961A021920326B7500B801B9 /* Main.storyboard */; };
		961A021D20326B7500B801B9 /* Assets.xcassets in Resources */ = {isa = PBXBuildFile; fileRef = 961A021C20326B7500B801B9 /* Assets.xcassets */; };
		961A022020326B7500B801B9 /* LaunchScreen.storyboard in Resources */ = {isa = PBXBuildFile; fileRef = 961A021E20326B7500B801B9 /* LaunchScreen.storyboard */; };
		961A022B20326B7500B801B9 /* TechPodTests.swift in Sources */ = {isa = PBXBuildFile; fileRef = 961A022A20326B7500B801B9 /* TechPodTests.swift */; };
		961A023620326B7500B801B9 /* TechPodUITests.swift in Sources */ = {isa = PBXBuildFile; fileRef = 961A023520326B7500B801B9 /* TechPodUITests.swift */; };
		961A024C20326F7C00B801B9 /* Bach.jpg in Resources */ = {isa = PBXBuildFile; fileRef = 961A024520326F7C00B801B9 /* Bach.jpg */; };
		961A024D20326F7C00B801B9 /* Beethoven.jpg in Resources */ = {isa = PBXBuildFile; fileRef = 961A024620326F7C00B801B9 /* Beethoven.jpg */; };
		961A024E20326F7C00B801B9 /* Pachelbel.jpg in Resources */ = {isa = PBXBuildFile; fileRef = 961A024720326F7C00B801B9 /* Pachelbel.jpg */; };
		961A024F20326F7C00B801B9 /* aria.mp3 in Resources */ = {isa = PBXBuildFile; fileRef = 961A024920326F7C00B801B9 /* aria.mp3 */; };
		961A025020326F7C00B801B9 /* cannon.mp3 in Resources */ = {isa = PBXBuildFile; fileRef = 961A024A20326F7C00B801B9 /* cannon.mp3 */; };
		961A025120326F7C00B801B9 /* elise.mp3 in Resources */ = {isa = PBXBuildFile; fileRef = 961A024B20326F7C00B801B9 /* elise.mp3 */; };
/* End PBXBuildFile section */

/* Begin PBXContainerItemProxy section */
		961A022720326B7500B801B9 /* PBXContainerItemProxy */ = {
			isa = PBXContainerItemProxy;
			containerPortal = 961A020A20326B7500B801B9 /* Project object */;
			proxyType = 1;
			remoteGlobalIDString = 961A021120326B7500B801B9;
			remoteInfo = TechPod;
		};
		961A023220326B7500B801B9 /* PBXContainerItemProxy */ = {
			isa = PBXContainerItemProxy;
			containerPortal = 961A020A20326B7500B801B9 /* Project object */;
			proxyType = 1;
			remoteGlobalIDString = 961A021120326B7500B801B9;
			remoteInfo = TechPod;
		};
/* End PBXContainerItemProxy section */

/* Begin PBXFileReference section */
		961A021220326B7500B801B9 /* TechPod.app */ = {isa = PBXFileReference; explicitFileType = wrapper.application; includeInIndex = 0; path = TechPod.app; sourceTree = BUILT_PRODUCTS_DIR; };
		961A021520326B7500B801B9 /* AppDelegate.swift */ = {isa = PBXFileReference; lastKnownFileType = sourcecode.swift; path = AppDelegate.swift; sourceTree = "<group>"; };
		961A021720326B7500B801B9 /* ViewController.swift */ = {isa = PBXFileReference; lastKnownFileType = sourcecode.swift; path = ViewController.swift; sourceTree = "<group>"; };
		961A021A20326B7500B801B9 /* Base */ = {isa = PBXFileReference; lastKnownFileType = file.storyboard; name = Base; path = Base.lproj/Main.storyboard; sourceTree = "<group>"; };
		961A021C20326B7500B801B9 /* Assets.xcassets */ = {isa = PBXFileReference; lastKnownFileType = folder.assetcatalog; path = Assets.xcassets; sourceTree = "<group>"; };
		961A021F20326B7500B801B9 /* Base */ = {isa = PBXFileReference; lastKnownFileType = file.storyboard; name = Base; path = Base.lproj/LaunchScreen.storyboard; sourceTree = "<group>"; };
		961A022120326B7500B801B9 /* Info.plist */ = {isa = PBXFileReference; lastKnownFileType = text.plist.xml; path = Info.plist; sourceTree = "<group>"; };
		961A022620326B7500B801B9 /* TechPodTests.xctest */ = {isa = PBXFileReference; explicitFileType = wrapper.cfbundle; includeInIndex = 0; path = TechPodTests.xctest; sourceTree = BUILT_PRODUCTS_DIR; };
		961A022A20326B7500B801B9 /* TechPodTests.swift */ = {isa = PBXFileReference; lastKnownFileType = sourcecode.swift; path = TechPodTests.swift; sourceTree = "<group>"; };
		961A022C20326B7500B801B9 /* Info.plist */ = {isa = PBXFileReference; lastKnownFileType = text.plist.xml; path = Info.plist; sourceTree = "<group>"; };
		961A023120326B7500B801B9 /* TechPodUITests.xctest */ = {isa = PBXFileReference; explicitFileType = wrapper.cfbundle; includeInIndex = 0; path = TechPodUITests.xctest; sourceTree = BUILT_PRODUCTS_DIR; };
		961A023520326B7500B801B9 /* TechPodUITests.swift */ = {isa = PBXFileReference; lastKnownFileType = sourcecode.swift; path = TechPodUITests.swift; sourceTree = "<group>"; };
		961A023720326B7500B801B9 /* Info.plist */ = {isa = PBXFileReference; lastKnownFileType = text.plist.xml; path = Info.plist; sourceTree = "<group>"; };
		961A024520326F7C00B801B9 /* Bach.jpg */ = {isa = PBXFileReference; lastKnownFileType = image.jpeg; path = Bach.jpg; sourceTree = "<group>"; };
		961A024620326F7C00B801B9 /* Beethoven.jpg */ = {isa = PBXFileReference; lastKnownFileType = image.jpeg; path = Beethoven.jpg; sourceTree = "<group>"; };
		961A024720326F7C00B801B9 /* Pachelbel.jpg */ = {isa = PBXFileReference; lastKnownFileType = image.jpeg; path = Pachelbel.jpg; sourceTree = "<group>"; };
		961A024920326F7C00B801B9 /* aria.mp3 */ = {isa = PBXFileReference; lastKnownFileType = audio.mp3; path = aria.mp3; sourceTree = "<group>"; };
		961A024A20326F7C00B801B9 /* cannon.mp3 */ = {isa = PBXFileReference; lastKnownFileType = audio.mp3; path = cannon.mp3; sourceTree = "<group>"; };
		961A024B20326F7C00B801B9 /* elise.mp3 */ = {isa = PBXFileReference; lastKnownFileType = audio.mp3; path = elise.mp3; sourceTree = "<group>"; };
/* End PBXFileReference section */

/* Begin PBXFrameworksBuildPhase section */
		961A020F20326B7500B801B9 /* Frameworks */ = {
			isa = PBXFrameworksBuildPhase;
			buildActionMask = 2147483647;
			files = (
			);
			runOnlyForDeploymentPostprocessing = 0;
		};
		961A022320326B7500B801B9 /* Frameworks */ = {
			isa = PBXFrameworksBuildPhase;
			buildActionMask = 2147483647;
			files = (
			);
			runOnlyForDeploymentPostprocessing = 0;
		};
		961A022E20326B7500B801B9 /* Frameworks */ = {
			isa = PBXFrameworksBuildPhase;
			buildActionMask = 2147483647;
			files = (
			);
			runOnlyForDeploymentPostprocessing = 0;
		};
/* End PBXFrameworksBuildPhase section */

/* Begin PBXGroup section */
		961A020920326B7500B801B9 = {
			isa = PBXGroup;
			children = (
				961A021420326B7500B801B9 /* TechPod */,
				961A022920326B7500B801B9 /* TechPodTests */,
				961A023420326B7500B801B9 /* TechPodUITests */,
				961A021320326B7500B801B9 /* Products */,
			);
			sourceTree = "<group>";
		};
		961A021320326B7500B801B9 /* Products */ = {
			isa = PBXGroup;
			children = (
				961A021220326B7500B801B9 /* TechPod.app */,
				961A022620326B7500B801B9 /* TechPodTests.xctest */,
				961A023120326B7500B801B9 /* TechPodUITests.xctest */,
			);
			name = Products;
			sourceTree = "<group>";
		};
		961A021420326B7500B801B9 /* TechPod */ = {
			isa = PBXGroup;
			children = (
				961A024320326F7C00B801B9 /* Resources */,
				961A021520326B7500B801B9 /* AppDelegate.swift */,
				961A021720326B7500B801B9 /* ViewController.swift */,
				961A021920326B7500B801B9 /* Main.storyboard */,
				961A021C20326B7500B801B9 /* Assets.xcassets */,
				961A021E20326B7500B801B9 /* LaunchScreen.storyboard */,
				961A022120326B7500B801B9 /* Info.plist */,
			);
			path = TechPod;
			sourceTree = "<group>";
		};
		961A022920326B7500B801B9 /* TechPodTests */ = {
			isa = PBXGroup;
			children = (
				961A022A20326B7500B801B9 /* TechPodTests.swift */,
				961A022C20326B7500B801B9 /* Info.plist */,
			);
			path = TechPodTests;
			sourceTree = "<group>";
		};
		961A023420326B7500B801B9 /* TechPodUITests */ = {
			isa = PBXGroup;
			children = (
				961A023520326B7500B801B9 /* TechPodUITests.swift */,
				961A023720326B7500B801B9 /* Info.plist */,
			);
			path = TechPodUITests;
			sourceTree = "<group>";
		};
		961A024320326F7C00B801B9 /* Resources */ = {
			isa = PBXGroup;
			children = (
				961A024420326F7C00B801B9 /* Images */,
				961A024820326F7C00B801B9 /* Songs */,
			);
			path = Resources;
			sourceTree = "<group>";
		};
		961A024420326F7C00B801B9 /* Images */ = {
			isa = PBXGroup;
			children = (
				961A024520326F7C00B801B9 /* Bach.jpg */,
				961A024620326F7C00B801B9 /* Beethoven.jpg */,
				961A024720326F7C00B801B9 /* Pachelbel.jpg */,
			);
			path = Images;
			sourceTree = "<group>";
		};
		961A024820326F7C00B801B9 /* Songs */ = {
			isa = PBXGroup;
			children = (
				961A024920326F7C00B801B9 /* aria.mp3 */,
				961A024A20326F7C00B801B9 /* cannon.mp3 */,
				961A024B20326F7C00B801B9 /* elise.mp3 */,
			);
			path = Songs;
			sourceTree = "<group>";
		};
/* End PBXGroup section */

/* Begin PBXNativeTarget section */
		961A021120326B7500B801B9 /* TechPod */ = {
			isa = PBXNativeTarget;
			buildConfigurationList = 961A023A20326B7500B801B9 /* Build configuration list for PBXNativeTarget "TechPod" */;
			buildPhases = (
				961A020E20326B7500B801B9 /* Sources */,
				961A020F20326B7500B801B9 /* Frameworks */,
				961A021020326B7500B801B9 /* Resources */,
			);
			buildRules = (
			);
			dependencies = (
			);
			name = TechPod;
			productName = TechPod;
			productReference = 961A021220326B7500B801B9 /* TechPod.app */;
			productType = "com.apple.product-type.application";
		};
		961A022520326B7500B801B9 /* TechPodTests */ = {
			isa = PBXNativeTarget;
			buildConfigurationList = 961A023D20326B7500B801B9 /* Build configuration list for PBXNativeTarget "TechPodTests" */;
			buildPhases = (
				961A022220326B7500B801B9 /* Sources */,
				961A022320326B7500B801B9 /* Frameworks */,
				961A022420326B7500B801B9 /* Resources */,
			);
			buildRules = (
			);
			dependencies = (
				961A022820326B7500B801B9 /* PBXTargetDependency */,
			);
			name = TechPodTests;
			productName = TechPodTests;
			productReference = 961A022620326B7500B801B9 /* TechPodTests.xctest */;
			productType = "com.apple.product-type.bundle.unit-test";
		};
		961A023020326B7500B801B9 /* TechPodUITests */ = {
			isa = PBXNativeTarget;
			buildConfigurationList = 961A024020326B7500B801B9 /* Build configuration list for PBXNativeTarget "TechPodUITests" */;
			buildPhases = (
				961A022D20326B7500B801B9 /* Sources */,
				961A022E20326B7500B801B9 /* Frameworks */,
				961A022F20326B7500B801B9 /* Resources */,
			);
			buildRules = (
			);
			dependencies = (
				961A023320326B7500B801B9 /* PBXTargetDependency */,
			);
			name = TechPodUITests;
			productName = TechPodUITests;
			productReference = 961A023120326B7500B801B9 /* TechPodUITests.xctest */;
			productType = "com.apple.product-type.bundle.ui-testing";
		};
/* End PBXNativeTarget section */

/* Begin PBXProject section */
		961A020A20326B7500B801B9 /* Project object */ = {
			isa = PBXProject;
			attributes = {
				LastSwiftUpdateCheck = 0920;
				LastUpgradeCheck = 0920;
				ORGANIZATIONNAME = "juna Kawagishi";
				TargetAttributes = {
					961A021120326B7500B801B9 = {
						CreatedOnToolsVersion = 9.2;
						ProvisioningStyle = Automatic;
						SystemCapabilities = {
							com.apple.BackgroundModes = {
								enabled = 1;
							};
						};
					};
					961A022520326B7500B801B9 = {
						CreatedOnToolsVersion = 9.2;
						ProvisioningStyle = Automatic;
						TestTargetID = 961A021120326B7500B801B9;
					};
					961A023020326B7500B801B9 = {
						CreatedOnToolsVersion = 9.2;
						ProvisioningStyle = Automatic;
						TestTargetID = 961A021120326B7500B801B9;
					};
				};
			};
			buildConfigurationList = 961A020D20326B7500B801B9 /* Build configuration list for PBXProject "TechPod" */;
			compatibilityVersion = "Xcode 8.0";
			developmentRegion = en;
			hasScannedForEncodings = 0;
			knownRegions = (
				en,
				Base,
			);
			mainGroup = 961A020920326B7500B801B9;
			productRefGroup = 961A021320326B7500B801B9 /* Products */;
			projectDirPath = "";
			projectRoot = "";
			targets = (
				961A021120326B7500B801B9 /* TechPod */,
				961A022520326B7500B801B9 /* TechPodTests */,
				961A023020326B7500B801B9 /* TechPodUITests */,
			);
		};
/* End PBXProject section */

/* Begin PBXResourcesBuildPhase section */
		961A021020326B7500B801B9 /* Resources */ = {
			isa = PBXResourcesBuildPhase;
			buildActionMask = 2147483647;
			files = (
				961A024E20326F7C00B801B9 /* Pachelbel.jpg in Resources */,
				961A024D20326F7C00B801B9 /* Beethoven.jpg in Resources */,
				961A022020326B7500B801B9 /* LaunchScreen.storyboard in Resources */,
				961A024C20326F7C00B801B9 /* Bach.jpg in Resources */,
				961A021D20326B7500B801B9 /* Assets.xcassets in Resources */,
				961A025120326F7C00B801B9 /* elise.mp3 in Resources */,
				961A025020326F7C00B801B9 /* cannon.mp3 in Resources */,
				961A021B20326B7500B801B9 /* Main.storyboard in Resources */,
				961A024F20326F7C00B801B9 /* aria.mp3 in Resources */,
			);
			runOnlyForDeploymentPostprocessing = 0;
		};
		961A022420326B7500B801B9 /* Resources */ = {
			isa = PBXResourcesBuildPhase;
			buildActionMask = 2147483647;
			files = (
			);
			runOnlyForDeploymentPostprocessing = 0;
		};
		961A022F20326B7500B801B9 /* Resources */ = {
			isa = PBXResourcesBuildPhase;
			buildActionMask = 2147483647;
			files = (
			);
			runOnlyForDeploymentPostprocessing = 0;
		};
/* End PBXResourcesBuildPhase section */

/* Begin PBXSourcesBuildPhase section */
		961A020E20326B7500B801B9 /* Sources */ = {
			isa = PBXSourcesBuildPhase;
			buildActionMask = 2147483647;
			files = (
				961A021820326B7500B801B9 /* ViewController.swift in Sources */,
				961A021620326B7500B801B9 /* AppDelegate.swift in Sources */,
			);
			runOnlyForDeploymentPostprocessing = 0;
		};
		961A022220326B7500B801B9 /* Sources */ = {
			isa = PBXSourcesBuildPhase;
			buildActionMask = 2147483647;
			files = (
				961A022B20326B7500B801B9 /* TechPodTests.swift in Sources */,
			);
			runOnlyForDeploymentPostprocessing = 0;
		};
		961A022D20326B7500B801B9 /* Sources */ = {
			isa = PBXSourcesBuildPhase;
			buildActionMask = 2147483647;
			files = (
				961A023620326B7500B801B9 /* TechPodUITests.swift in Sources */,
			);
			runOnlyForDeploymentPostprocessing = 0;
		};
/* End PBXSourcesBuildPhase section */

/* Begin PBXTargetDependency section */
		961A022820326B7500B801B9 /* PBXTargetDependency */ = {
			isa = PBXTargetDependency;
			target = 961A021120326B7500B801B9 /* TechPod */;
			targetProxy = 961A022720326B7500B801B9 /* PBXContainerItemProxy */;
		};
		961A023320326B7500B801B9 /* PBXTargetDependency */ = {
			isa = PBXTargetDependency;
			target = 961A021120326B7500B801B9 /* TechPod */;
			targetProxy = 961A023220326B7500B801B9 /* PBXContainerItemProxy */;
		};
/* End PBXTargetDependency section */

/* Begin PBXVariantGroup section */
		961A021920326B7500B801B9 /* Main.storyboard */ = {
			isa = PBXVariantGroup;
			children = (
				961A021A20326B7500B801B9 /* Base */,
			);
			name = Main.storyboard;
			sourceTree = "<group>";
		};
		961A021E20326B7500B801B9 /* LaunchScreen.storyboard */ = {
			isa = PBXVariantGroup;
			children = (
				961A021F20326B7500B801B9 /* Base */,
			);
			name = LaunchScreen.storyboard;
			sourceTree = "<group>";
		};
/* End PBXVariantGroup section */

/* Begin XCBuildConfiguration section */
		961A023820326B7500B801B9 /* Debug */ = {
			isa = XCBuildConfiguration;
			buildSettings = {
				ALWAYS_SEARCH_USER_PATHS = NO;
				CLANG_ANALYZER_NONNULL = YES;
				CLANG_ANALYZER_NUMBER_OBJECT_CONVERSION = YES_AGGRESSIVE;
				CLANG_CXX_LANGUAGE_STANDARD = "gnu++14";
				CLANG_CXX_LIBRARY = "libc++";
				CLANG_ENABLE_MODULES = YES;
				CLANG_ENABLE_OBJC_ARC = YES;
				CLANG_WARN_BLOCK_CAPTURE_AUTORELEASING = YES;
				CLANG_WARN_BOOL_CONVERSION = YES;
				CLANG_WARN_COMMA = YES;
				CLANG_WARN_CONSTANT_CONVERSION = YES;
				CLANG_WARN_DIRECT_OBJC_ISA_USAGE = YES_ERROR;
				CLANG_WARN_DOCUMENTATION_COMMENTS = YES;
				CLANG_WARN_EMPTY_BODY = YES;
				CLANG_WARN_ENUM_CONVERSION = YES;
				CLANG_WARN_INFINITE_RECURSION = YES;
				CLANG_WARN_INT_CONVERSION = YES;
				CLANG_WARN_NON_LITERAL_NULL_CONVERSION = YES;
				CLANG_WARN_OBJC_LITERAL_CONVERSION = YES;
				CLANG_WARN_OBJC_ROOT_CLASS = YES_ERROR;
				CLANG_WARN_RANGE_LOOP_ANALYSIS = YES;
				CLANG_WARN_STRICT_PROTOTYPES = YES;
				CLANG_WARN_SUSPICIOUS_MOVE = YES;
				CLANG_WARN_UNGUARDED_AVAILABILITY = YES_AGGRESSIVE;
				CLANG_WARN_UNREACHABLE_CODE = YES;
				CLANG_WARN__DUPLICATE_METHOD_MATCH = YES;
				CODE_SIGN_IDENTITY = "iPhone Developer";
				COPY_PHASE_STRIP = NO;
				DEBUG_INFORMATION_FORMAT = dwarf;
				ENABLE_STRICT_OBJC_MSGSEND = YES;
				ENABLE_TESTABILITY = YES;
				GCC_C_LANGUAGE_STANDARD = gnu11;
				GCC_DYNAMIC_NO_PIC = NO;
				GCC_NO_COMMON_BLOCKS = YES;
				GCC_OPTIMIZATION_LEVEL = 0;
				GCC_PREPROCESSOR_DEFINITIONS = (
					"DEBUG=1",
					"$(inherited)",
				);
				GCC_WARN_64_TO_32_BIT_CONVERSION = YES;
				GCC_WARN_ABOUT_RETURN_TYPE = YES_ERROR;
				GCC_WARN_UNDECLARED_SELECTOR = YES;
				GCC_WARN_UNINITIALIZED_AUTOS = YES_AGGRESSIVE;
				GCC_WARN_UNUSED_FUNCTION = YES;
				GCC_WARN_UNUSED_VARIABLE = YES;
				IPHONEOS_DEPLOYMENT_TARGET = 11.2;
				MTL_ENABLE_DEBUG_INFO = YES;
				ONLY_ACTIVE_ARCH = YES;
				SDKROOT = iphoneos;
				SWIFT_ACTIVE_COMPILATION_CONDITIONS = DEBUG;
				SWIFT_OPTIMIZATION_LEVEL = "-Onone";
			};
			name = Debug;
		};
		961A023920326B7500B801B9 /* Release */ = {
			isa = XCBuildConfiguration;
			buildSettings = {
				ALWAYS_SEARCH_USER_PATHS = NO;
				CLANG_ANALYZER_NONNULL = YES;
				CLANG_ANALYZER_NUMBER_OBJECT_CONVERSION = YES_AGGRESSIVE;
				CLANG_CXX_LANGUAGE_STANDARD = "gnu++14";
				CLANG_CXX_LIBRARY = "libc++";
				CLANG_ENABLE_MODULES = YES;
				CLANG_ENABLE_OBJC_ARC = YES;
				CLANG_WARN_BLOCK_CAPTURE_AUTORELEASING = YES;
				CLANG_WARN_BOOL_CONVERSION = YES;
				CLANG_WARN_COMMA = YES;
				CLANG_WARN_CONSTANT_CONVERSION = YES;
				CLANG_WARN_DIRECT_OBJC_ISA_USAGE = YES_ERROR;
				CLANG_WARN_DOCUMENTATION_COMMENTS = YES;
				CLANG_WARN_EMPTY_BODY = YES;
				CLANG_WARN_ENUM_CONVERSION = YES;
				CLANG_WARN_INFINITE_RECURSION = YES;
				CLANG_WARN_INT_CONVERSION = YES;
				CLANG_WARN_NON_LITERAL_NULL_CONVERSION = YES;
				CLANG_WARN_OBJC_LITERAL_CONVERSION = YES;
				CLANG_WARN_OBJC_ROOT_CLASS = YES_ERROR;
				CLANG_WARN_RANGE_LOOP_ANALYSIS = YES;
				CLANG_WARN_STRICT_PROTOTYPES = YES;
				CLANG_WARN_SUSPICIOUS_MOVE = YES;
				CLANG_WARN_UNGUARDED_AVAILABILITY = YES_AGGRESSIVE;
				CLANG_WARN_UNREACHABLE_CODE = YES;
				CLANG_WARN__DUPLICATE_METHOD_MATCH = YES;
				CODE_SIGN_IDENTITY = "iPhone Developer";
				COPY_PHASE_STRIP = NO;
				DEBUG_INFORMATION_FORMAT = "dwarf-with-dsym";
				ENABLE_NS_ASSERTIONS = NO;
				ENABLE_STRICT_OBJC_MSGSEND = YES;
				GCC_C_LANGUAGE_STANDARD = gnu11;
				GCC_NO_COMMON_BLOCKS = YES;
				GCC_WARN_64_TO_32_BIT_CONVERSION = YES;
				GCC_WARN_ABOUT_RETURN_TYPE = YES_ERROR;
				GCC_WARN_UNDECLARED_SELECTOR = YES;
				GCC_WARN_UNINITIALIZED_AUTOS = YES_AGGRESSIVE;
				GCC_WARN_UNUSED_FUNCTION = YES;
				GCC_WARN_UNUSED_VARIABLE = YES;
				IPHONEOS_DEPLOYMENT_TARGET = 11.2;
				MTL_ENABLE_DEBUG_INFO = NO;
				SDKROOT = iphoneos;
				SWIFT_OPTIMIZATION_LEVEL = "-Owholemodule";
				VALIDATE_PRODUCT = YES;
			};
			name = Release;
		};
		961A023B20326B7500B801B9 /* Debug */ = {
			isa = XCBuildConfiguration;
			buildSettings = {
				ASSETCATALOG_COMPILER_APPICON_NAME = AppIcon;
				CODE_SIGN_STYLE = Automatic;
				INFOPLIST_FILE = TechPod/Info.plist;
				LD_RUNPATH_SEARCH_PATHS = "$(inherited) @executable_path/Frameworks";
				PRODUCT_BUNDLE_IDENTIFIER = com.litech.TechPod;
				PRODUCT_NAME = "$(TARGET_NAME)";
				SWIFT_VERSION = 4.0;
				TARGETED_DEVICE_FAMILY = "1,2";
			};
			name = Debug;
		};
		961A023C20326B7500B801B9 /* Release */ = {
			isa = XCBuildConfiguration;
			buildSettings = {
				ASSETCATALOG_COMPILER_APPICON_NAME = AppIcon;
				CODE_SIGN_STYLE = Automatic;
				INFOPLIST_FILE = TechPod/Info.plist;
				LD_RUNPATH_SEARCH_PATHS = "$(inherited) @executable_path/Frameworks";
				PRODUCT_BUNDLE_IDENTIFIER = com.litech.TechPod;
				PRODUCT_NAME = "$(TARGET_NAME)";
				SWIFT_VERSION = 4.0;
				TARGETED_DEVICE_FAMILY = "1,2";
			};
			name = Release;
		};
		961A023E20326B7500B801B9 /* Debug */ = {
			isa = XCBuildConfiguration;
			buildSettings = {
				ALWAYS_EMBED_SWIFT_STANDARD_LIBRARIES = YES;
				BUNDLE_LOADER = "$(TEST_HOST)";
				CODE_SIGN_STYLE = Automatic;
				INFOPLIST_FILE = TechPodTests/Info.plist;
				LD_RUNPATH_SEARCH_PATHS = "$(inherited) @executable_path/Frameworks @loader_path/Frameworks";
				PRODUCT_BUNDLE_IDENTIFIER = com.litech.TechPodTests;
				PRODUCT_NAME = "$(TARGET_NAME)";
				SWIFT_VERSION = 4.0;
				TARGETED_DEVICE_FAMILY = "1,2";
				TEST_HOST = "$(BUILT_PRODUCTS_DIR)/TechPod.app/TechPod";
			};
			name = Debug;
		};
		961A023F20326B7500B801B9 /* Release */ = {
			isa = XCBuildConfiguration;
			buildSettings = {
				ALWAYS_EMBED_SWIFT_STANDARD_LIBRARIES = YES;
				BUNDLE_LOADER = "$(TEST_HOST)";
				CODE_SIGN_STYLE = Automatic;
				INFOPLIST_FILE = TechPodTests/Info.plist;
				LD_RUNPATH_SEARCH_PATHS = "$(inherited) @executable_path/Frameworks @loader_path/Frameworks";
				PRODUCT_BUNDLE_IDENTIFIER = com.litech.TechPodTests;
				PRODUCT_NAME = "$(TARGET_NAME)";
				SWIFT_VERSION = 4.0;
				TARGETED_DEVICE_FAMILY = "1,2";
				TEST_HOST = "$(BUILT_PRODUCTS_DIR)/TechPod.app/TechPod";
			};
			name = Release;
		};
		961A024120326B7500B801B9 /* Debug */ = {
			isa = XCBuildConfiguration;
			buildSettings = {
				ALWAYS_EMBED_SWIFT_STANDARD_LIBRARIES = YES;
				CODE_SIGN_STYLE = Automatic;
				INFOPLIST_FILE = TechPodUITests/Info.plist;
				LD_RUNPATH_SEARCH_PATHS = "$(inherited) @executable_path/Frameworks @loader_path/Frameworks";
				PRODUCT_BUNDLE_IDENTIFIER = com.litech.TechPodUITests;
				PRODUCT_NAME = "$(TARGET_NAME)";
				SWIFT_VERSION = 4.0;
				TARGETED_DEVICE_FAMILY = "1,2";
				TEST_TARGET_NAME = TechPod;
			};
			name = Debug;
		};
		961A024220326B7500B801B9 /* Release */ = {
			isa = XCBuildConfiguration;
			buildSettings = {
				ALWAYS_EMBED_SWIFT_STANDARD_LIBRARIES = YES;
				CODE_SIGN_STYLE = Automatic;
				INFOPLIST_FILE = TechPodUITests/Info.plist;
				LD_RUNPATH_SEARCH_PATHS = "$(inherited) @executable_path/Frameworks @loader_path/Frameworks";
				PRODUCT_BUNDLE_IDENTIFIER = com.litech.TechPodUITests;
				PRODUCT_NAME = "$(TARGET_NAME)";
				SWIFT_VERSION = 4.0;
				TARGETED_DEVICE_FAMILY = "1,2";
				TEST_TARGET_NAME = TechPod;
			};
			name = Release;
		};
/* End XCBuildConfiguration section */

/* Begin XCConfigurationList section */
		961A020D20326B7500B801B9 /* Build configuration list for PBXProject "TechPod" */ = {
			isa = XCConfigurationList;
			buildConfigurations = (
				961A023820326B7500B801B9 /* Debug */,
				961A023920326B7500B801B9 /* Release */,
			);
			defaultConfigurationIsVisible = 0;
			defaultConfigurationName = Release;
		};
		961A023A20326B7500B801B9 /* Build configuration list for PBXNativeTarget "TechPod" */ = {
			isa = XCConfigurationList;
			buildConfigurations = (
				961A023B20326B7500B801B9 /* Debug */,
				961A023C20326B7500B801B9 /* Release */,
			);
			defaultConfigurationIsVisible = 0;
			defaultConfigurationName = Release;
		};
		961A023D20326B7500B801B9 /* Build configuration list for PBXNativeTarget "TechPodTests" */ = {
			isa = XCConfigurationList;
			buildConfigurations = (
				961A023E20326B7500B801B9 /* Debug */,
				961A023F20326B7500B801B9 /* Release */,
			);
			defaultConfigurationIsVisible = 0;
			defaultConfigurationName = Release;
		};
		961A024020326B7500B801B9 /* Build configuration list for PBXNativeTarget "TechPodUITests" */ = {
			isa = XCConfigurationList;
			buildConfigurations = (
				961A024120326B7500B801B9 /* Debug */,
				961A024220326B7500B801B9 /* Release */,
			);
			defaultConfigurationIsVisible = 0;
			defaultConfigurationName = Release;
		};
/* End XCConfigurationList section */
	};
	rootObject = 961A020A20326B7500B801B9 /* Project object */;
}
